
Microsoft Visual Studio Solution File, Format Version 12.00
# Visual Studio Version 17
VisualStudioVersion = 17.7.34221.43
MinimumVisualStudioVersion = 10.0.40219.1
Project("{9A19103F-16F7-4668-BE54-9A1E7A4F7556}") = "RswQrCodeGeneratorApi", "RswQrCodeGeneratorApi\RswQrCodeGeneratorApi.csproj", "{BBC49F35-1BC5-4B9F-9E30-6EA46ED2F7F5}"
EndProject
Project("{9A19103F-16F7-4668-BE54-9A1E7A4F7556}") = "RswQrCodeGeneratorApi.QrCode", "RswQrCodeGeneratorApi.QrCode\RswQrCodeGeneratorApi.QrCode.csproj", "{9D9EC098-21C5-45CB-875C-2D090AB2DDCD}"
EndProject
Project("{FAE04EC0-301F-11D3-BF4B-00C04F79EFBC}") = "RswQrCodeGeneratorApi.Domain", "RswQrCodeGeneratorApi.Domain\RswQrCodeGeneratorApi.Domain.csproj", "{D18BC81E-1970-48B3-ABE9-D42742A8C02E}"
EndProject
Global
	GlobalSection(SolutionConfigurationPlatforms) = preSolution
		Debug|Any CPU = Debug|Any CPU
		Release|Any CPU = Release|Any CPU
	EndGlobalSection
	GlobalSection(ProjectConfigurationPlatforms) = postSolution
		{BBC49F35-1BC5-4B9F-9E30-6EA46ED2F7F5}.Debug|Any CPU.ActiveCfg = Debug|Any CPU
		{BBC49F35-1BC5-4B9F-9E30-6EA46ED2F7F5}.Debug|Any CPU.Build.0 = Debug|Any CPU
		{BBC49F35-1BC5-4B9F-9E30-6EA46ED2F7F5}.Release|Any CPU.ActiveCfg = Release|Any CPU
		{BBC49F35-1BC5-4B9F-9E30-6EA46ED2F7F5}.Release|Any CPU.Build.0 = Release|Any CPU
		{9D9EC098-21C5-45CB-875C-2D090AB2DDCD}.Debug|Any CPU.ActiveCfg = Debug|Any CPU
		{9D9EC098-21C5-45CB-875C-2D090AB2DDCD}.Debug|Any CPU.Build.0 = Debug|Any CPU
		{9D9EC098-21C5-45CB-875C-2D090AB2DDCD}.Release|Any CPU.ActiveCfg = Release|Any CPU
		{9D9EC098-21C5-45CB-875C-2D090AB2DDCD}.Release|Any CPU.Build.0 = Release|Any CPU
		{D18BC81E-1970-48B3-ABE9-D42742A8C02E}.Debug|Any CPU.ActiveCfg = Debug|Any CPU
		{D18BC81E-1970-48B3-ABE9-D42742A8C02E}.Debug|Any CPU.Build.0 = Debug|Any CPU
		{D18BC81E-1970-48B3-ABE9-D42742A8C02E}.Release|Any CPU.ActiveCfg = Release|Any CPU
		{D18BC81E-1970-48B3-ABE9-D42742A8C02E}.Release|Any CPU.Build.0 = Release|Any CPU
	EndGlobalSection
	GlobalSection(SolutionProperties) = preSolution
		HideSolutionNode = FALSE
	EndGlobalSection
	GlobalSection(ExtensibilityGlobals) = postSolution
		SolutionGuid = {A80AF311-B68B-41C2-A2F8-A0DB43374C73}
	EndGlobalSection
EndGlobal
